// !$*UTF8*$!
{
	archiveVersion = 1;
	classes = {
	};
	objectVersion = 46;
	objects = {

/* Begin PBXBuildFile section */
		CB217CEF1CE3B38F00D6D94B /* AppDelegate.swift in Sources */ = {isa = PBXBuildFile; fileRef = CB217CEE1CE3B38F00D6D94B /* AppDelegate.swift */; };
		CB217CF11CE3B38F00D6D94B /* MasterViewController.swift in Sources */ = {isa = PBXBuildFile; fileRef = CB217CF01CE3B38F00D6D94B /* MasterViewController.swift */; };
		CB217CF31CE3B38F00D6D94B /* DetailViewController.swift in Sources */ = {isa = PBXBuildFile; fileRef = CB217CF21CE3B38F00D6D94B /* DetailViewController.swift */; };
		CB217CF61CE3B38F00D6D94B /* Main.storyboard in Resources */ = {isa = PBXBuildFile; fileRef = CB217CF41CE3B38F00D6D94B /* Main.storyboard */; };
		CB217CF81CE3B38F00D6D94B /* Assets.xcassets in Resources */ = {isa = PBXBuildFile; fileRef = CB217CF71CE3B38F00D6D94B /* Assets.xcassets */; };
		CB217CFB1CE3B38F00D6D94B /* LaunchScreen.storyboard in Resources */ = {isa = PBXBuildFile; fileRef = CB217CF91CE3B38F00D6D94B /* LaunchScreen.storyboard */; };
		CB217D061CE3B38F00D6D94B /* GroceryListSwiftTests.swift in Sources */ = {isa = PBXBuildFile; fileRef = CB217D051CE3B38F00D6D94B /* GroceryListSwiftTests.swift */; };
		CB217D111CE3B38F00D6D94B /* GroceryListSwiftUITests.swift in Sources */ = {isa = PBXBuildFile; fileRef = CB217D101CE3B38F00D6D94B /* GroceryListSwiftUITests.swift */; };
		CB217D1F1CE3B3B700D6D94B /* ShoppingItem.swift in Sources */ = {isa = PBXBuildFile; fileRef = CB217D1E1CE3B3B700D6D94B /* ShoppingItem.swift */; };
		CB217D211CE3B3D200D6D94B /* SuggestedListManager.swift in Sources */ = {isa = PBXBuildFile; fileRef = CB217D201CE3B3D200D6D94B /* SuggestedListManager.swift */; };
		CB217D231CE3B74900D6D94B /* Media.xcassets in Resources */ = {isa = PBXBuildFile; fileRef = CB217D221CE3B74900D6D94B /* Media.xcassets */; };
		CB5801C11CEC7AAB00A71D50 /* Stack.storyboard in Resources */ = {isa = PBXBuildFile; fileRef = CB5801BF1CEC7AAB00A71D50 /* Stack.storyboard */; };
/* End PBXBuildFile section */

/* Begin PBXContainerItemProxy section */
		CB217D021CE3B38F00D6D94B /* PBXContainerItemProxy */ = {
			isa = PBXContainerItemProxy;
			containerPortal = CB217CE31CE3B38F00D6D94B /* Project object */;
			proxyType = 1;
			remoteGlobalIDString = CB217CEA1CE3B38F00D6D94B;
			remoteInfo = GroceryListSwift;
		};
		CB217D0D1CE3B38F00D6D94B /* PBXContainerItemProxy */ = {
			isa = PBXContainerItemProxy;
			containerPortal = CB217CE31CE3B38F00D6D94B /* Project object */;
			proxyType = 1;
			remoteGlobalIDString = CB217CEA1CE3B38F00D6D94B;
			remoteInfo = GroceryListSwift;
		};
/* End PBXContainerItemProxy section */

/* Begin PBXFileReference section */
		CB217CEB1CE3B38F00D6D94B /* GroceryListSwift.app */ = {isa = PBXFileReference; explicitFileType = wrapper.application; includeInIndex = 0; path = GroceryListSwift.app; sourceTree = BUILT_PRODUCTS_DIR; };
		CB217CEE1CE3B38F00D6D94B /* AppDelegate.swift */ = {isa = PBXFileReference; lastKnownFileType = sourcecode.swift; path = AppDelegate.swift; sourceTree = "<group>"; };
		CB217CF01CE3B38F00D6D94B /* MasterViewController.swift */ = {isa = PBXFileReference; lastKnownFileType = sourcecode.swift; path = MasterViewController.swift; sourceTree = "<group>"; };
		CB217CF21CE3B38F00D6D94B /* DetailViewController.swift */ = {isa = PBXFileReference; lastKnownFileType = sourcecode.swift; path = DetailViewController.swift; sourceTree = "<group>"; };
		CB217CF51CE3B38F00D6D94B /* Base */ = {isa = PBXFileReference; lastKnownFileType = file.storyboard; name = Base; path = Base.lproj/Main.storyboard; sourceTree = "<group>"; };
		CB217CF71CE3B38F00D6D94B /* Assets.xcassets */ = {isa = PBXFileReference; lastKnownFileType = folder.assetcatalog; path = Assets.xcassets; sourceTree = "<group>"; };
		CB217CFA1CE3B38F00D6D94B /* Base */ = {isa = PBXFileReference; lastKnownFileType = file.storyboard; name = Base; path = Base.lproj/LaunchScreen.storyboard; sourceTree = "<group>"; };
		CB217CFC1CE3B38F00D6D94B /* Info.plist */ = {isa = PBXFileReference; lastKnownFileType = text.plist.xml; path = Info.plist; sourceTree = "<group>"; };
		CB217D011CE3B38F00D6D94B /* GroceryListSwiftTests.xctest */ = {isa = PBXFileReference; explicitFileType = wrapper.cfbundle; includeInIndex = 0; path = GroceryListSwiftTests.xctest; sourceTree = BUILT_PRODUCTS_DIR; };
		CB217D051CE3B38F00D6D94B /* GroceryListSwiftTests.swift */ = {isa = PBXFileReference; lastKnownFileType = sourcecode.swift; path = GroceryListSwiftTests.swift; sourceTree = "<group>"; };
		CB217D071CE3B38F00D6D94B /* Info.plist */ = {isa = PBXFileReference; lastKnownFileType = text.plist.xml; path = Info.plist; sourceTree = "<group>"; };
		CB217D0C1CE3B38F00D6D94B /* GroceryListSwiftUITests.xctest */ = {isa = PBXFileReference; explicitFileType = wrapper.cfbundle; includeInIndex = 0; path = GroceryListSwiftUITests.xctest; sourceTree = BUILT_PRODUCTS_DIR; };
		CB217D101CE3B38F00D6D94B /* GroceryListSwiftUITests.swift */ = {isa = PBXFileReference; lastKnownFileType = sourcecode.swift; path = GroceryListSwiftUITests.swift; sourceTree = "<group>"; };
		CB217D121CE3B38F00D6D94B /* Info.plist */ = {isa = PBXFileReference; lastKnownFileType = text.plist.xml; path = Info.plist; sourceTree = "<group>"; };
		CB217D1E1CE3B3B700D6D94B /* ShoppingItem.swift */ = {isa = PBXFileReference; fileEncoding = 4; lastKnownFileType = sourcecode.swift; path = ShoppingItem.swift; sourceTree = "<group>"; };
		CB217D201CE3B3D200D6D94B /* SuggestedListManager.swift */ = {isa = PBXFileReference; fileEncoding = 4; lastKnownFileType = sourcecode.swift; path = SuggestedListManager.swift; sourceTree = "<group>"; };
		CB217D221CE3B74900D6D94B /* Media.xcassets */ = {isa = PBXFileReference; lastKnownFileType = folder.assetcatalog; path = Media.xcassets; sourceTree = "<group>"; };
		CB5801C01CEC7AAB00A71D50 /* Base */ = {isa = PBXFileReference; lastKnownFileType = file.storyboard; name = Base; path = Base.lproj/Stack.storyboard; sourceTree = "<group>"; };
/* End PBXFileReference section */

/* Begin PBXFrameworksBuildPhase section */
		CB217CE81CE3B38F00D6D94B /* Frameworks */ = {
			isa = PBXFrameworksBuildPhase;
			buildActionMask = 2147483647;
			files = (
			);
			runOnlyForDeploymentPostprocessing = 0;
		};
		CB217CFE1CE3B38F00D6D94B /* Frameworks */ = {
			isa = PBXFrameworksBuildPhase;
			buildActionMask = 2147483647;
			files = (
			);
			runOnlyForDeploymentPostprocessing = 0;
		};
		CB217D091CE3B38F00D6D94B /* Frameworks */ = {
			isa = PBXFrameworksBuildPhase;
			buildActionMask = 2147483647;
			files = (
			);
			runOnlyForDeploymentPostprocessing = 0;
		};
/* End PBXFrameworksBuildPhase section */

/* Begin PBXGroup section */
		CB217CE21CE3B38F00D6D94B = {
			isa = PBXGroup;
			children = (
				CB217CED1CE3B38F00D6D94B /* GroceryListSwift */,
				CB217D041CE3B38F00D6D94B /* GroceryListSwiftTests */,
				CB217D0F1CE3B38F00D6D94B /* GroceryListSwiftUITests */,
				CB217CEC1CE3B38F00D6D94B /* Products */,
			);
			sourceTree = "<group>";
		};
		CB217CEC1CE3B38F00D6D94B /* Products */ = {
			isa = PBXGroup;
			children = (
				CB217CEB1CE3B38F00D6D94B /* GroceryListSwift.app */,
				CB217D011CE3B38F00D6D94B /* GroceryListSwiftTests.xctest */,
				CB217D0C1CE3B38F00D6D94B /* GroceryListSwiftUITests.xctest */,
			);
			name = Products;
			sourceTree = "<group>";
		};
		CB217CED1CE3B38F00D6D94B /* GroceryListSwift */ = {
			isa = PBXGroup;
			children = (
				CB217CEE1CE3B38F00D6D94B /* AppDelegate.swift */,
				CB217D1E1CE3B3B700D6D94B /* ShoppingItem.swift */,
				CB217D201CE3B3D200D6D94B /* SuggestedListManager.swift */,
				CB217CF01CE3B38F00D6D94B /* MasterViewController.swift */,
				CB217CF21CE3B38F00D6D94B /* DetailViewController.swift */,
				CB217CF41CE3B38F00D6D94B /* Main.storyboard */,
				CB5801BF1CEC7AAB00A71D50 /* Stack.storyboard */,
				CB217CF71CE3B38F00D6D94B /* Assets.xcassets */,
				CB217CF91CE3B38F00D6D94B /* LaunchScreen.storyboard */,
				CB217D221CE3B74900D6D94B /* Media.xcassets */,
				CB217CFC1CE3B38F00D6D94B /* Info.plist */,
			);
			path = GroceryListSwift;
			sourceTree = "<group>";
		};
		CB217D041CE3B38F00D6D94B /* GroceryListSwiftTests */ = {
			isa = PBXGroup;
			children = (
				CB217D051CE3B38F00D6D94B /* GroceryListSwiftTests.swift */,
				CB217D071CE3B38F00D6D94B /* Info.plist */,
			);
			path = GroceryListSwiftTests;
			sourceTree = "<group>";
		};
		CB217D0F1CE3B38F00D6D94B /* GroceryListSwiftUITests */ = {
			isa = PBXGroup;
			children = (
				CB217D101CE3B38F00D6D94B /* GroceryListSwiftUITests.swift */,
				CB217D121CE3B38F00D6D94B /* Info.plist */,
			);
			path = GroceryListSwiftUITests;
			sourceTree = "<group>";
		};
/* End PBXGroup section */

/* Begin PBXNativeTarget section */
		CB217CEA1CE3B38F00D6D94B /* GroceryListSwift */ = {
			isa = PBXNativeTarget;
			buildConfigurationList = CB217D151CE3B38F00D6D94B /* Build configuration list for PBXNativeTarget "GroceryListSwift" */;
			buildPhases = (
				CB217CE71CE3B38F00D6D94B /* Sources */,
				CB217CE81CE3B38F00D6D94B /* Frameworks */,
				CB217CE91CE3B38F00D6D94B /* Resources */,
			);
			buildRules = (
			);
			dependencies = (
			);
			name = GroceryListSwift;
			productName = GroceryListSwift;
			productReference = CB217CEB1CE3B38F00D6D94B /* GroceryListSwift.app */;
			productType = "com.apple.product-type.application";
		};
		CB217D001CE3B38F00D6D94B /* GroceryListSwiftTests */ = {
			isa = PBXNativeTarget;
			buildConfigurationList = CB217D181CE3B38F00D6D94B /* Build configuration list for PBXNativeTarget "GroceryListSwiftTests" */;
			buildPhases = (
				CB217CFD1CE3B38F00D6D94B /* Sources */,
				CB217CFE1CE3B38F00D6D94B /* Frameworks */,
				CB217CFF1CE3B38F00D6D94B /* Resources */,
			);
			buildRules = (
			);
			dependencies = (
				CB217D031CE3B38F00D6D94B /* PBXTargetDependency */,
			);
			name = GroceryListSwiftTests;
			productName = GroceryListSwiftTests;
			productReference = CB217D011CE3B38F00D6D94B /* GroceryListSwiftTests.xctest */;
			productType = "com.apple.product-type.bundle.unit-test";
		};
		CB217D0B1CE3B38F00D6D94B /* GroceryListSwiftUITests */ = {
			isa = PBXNativeTarget;
			buildConfigurationList = CB217D1B1CE3B38F00D6D94B /* Build configuration list for PBXNativeTarget "GroceryListSwiftUITests" */;
			buildPhases = (
				CB217D081CE3B38F00D6D94B /* Sources */,
				CB217D091CE3B38F00D6D94B /* Frameworks */,
				CB217D0A1CE3B38F00D6D94B /* Resources */,
			);
			buildRules = (
			);
			dependencies = (
				CB217D0E1CE3B38F00D6D94B /* PBXTargetDependency */,
			);
			name = GroceryListSwiftUITests;
			productName = GroceryListSwiftUITests;
			productReference = CB217D0C1CE3B38F00D6D94B /* GroceryListSwiftUITests.xctest */;
			productType = "com.apple.product-type.bundle.ui-testing";
		};
/* End PBXNativeTarget section */

/* Begin PBXProject section */
		CB217CE31CE3B38F00D6D94B /* Project object */ = {
			isa = PBXProject;
			attributes = {
				LastSwiftUpdateCheck = 0730;
				LastUpgradeCheck = 0730;
				ORGANIZATIONNAME = "Yury Ramanchuk";
				TargetAttributes = {
					CB217CEA1CE3B38F00D6D94B = {
						CreatedOnToolsVersion = 7.3.1;
					};
					CB217D001CE3B38F00D6D94B = {
						CreatedOnToolsVersion = 7.3.1;
						TestTargetID = CB217CEA1CE3B38F00D6D94B;
					};
					CB217D0B1CE3B38F00D6D94B = {
						CreatedOnToolsVersion = 7.3.1;
						TestTargetID = CB217CEA1CE3B38F00D6D94B;
					};
				};
			};
			buildConfigurationList = CB217CE61CE3B38F00D6D94B /* Build configuration list for PBXProject "GroceryListSwift" */;
			compatibilityVersion = "Xcode 3.2";
			developmentRegion = English;
			hasScannedForEncodings = 0;
			knownRegions = (
				en,
				Base,
			);
			mainGroup = CB217CE21CE3B38F00D6D94B;
			productRefGroup = CB217CEC1CE3B38F00D6D94B /* Products */;
			projectDirPath = "";
			projectRoot = "";
			targets = (
				CB217CEA1CE3B38F00D6D94B /* GroceryListSwift */,
				CB217D001CE3B38F00D6D94B /* GroceryListSwiftTests */,
				CB217D0B1CE3B38F00D6D94B /* GroceryListSwiftUITests */,
			);
		};
/* End PBXProject section */

/* Begin PBXResourcesBuildPhase section */
		CB217CE91CE3B38F00D6D94B /* Resources */ = {
			isa = PBXResourcesBuildPhase;
			buildActionMask = 2147483647;
			files = (
				CB5801C11CEC7AAB00A71D50 /* Stack.storyboard in Resources */,
				CB217CFB1CE3B38F00D6D94B /* LaunchScreen.storyboard in Resources */,
				CB217CF81CE3B38F00D6D94B /* Assets.xcassets in Resources */,
				CB217D231CE3B74900D6D94B /* Media.xcassets in Resources */,
				CB217CF61CE3B38F00D6D94B /* Main.storyboard in Resources */,
			);
			runOnlyForDeploymentPostprocessing = 0;
		};
		CB217CFF1CE3B38F00D6D94B /* Resources */ = {
			isa = PBXResourcesBuildPhase;
			buildActionMask = 2147483647;
			files = (
			);
			runOnlyForDeploymentPostprocessing = 0;
		};
		CB217D0A1CE3B38F00D6D94B /* Resources */ = {
			isa = PBXResourcesBuildPhase;
			buildActionMask = 2147483647;
			files = (
			);
			runOnlyForDeploymentPostprocessing = 0;
		};
/* End PBXResourcesBuildPhase section */

/* Begin PBXSourcesBuildPhase section */
		CB217CE71CE3B38F00D6D94B /* Sources */ = {
			isa = PBXSourcesBuildPhase;
			buildActionMask = 2147483647;
			files = (
				CB217D211CE3B3D200D6D94B /* SuggestedListManager.swift in Sources */,
				CB217D1F1CE3B3B700D6D94B /* ShoppingItem.swift in Sources */,
				CB217CF31CE3B38F00D6D94B /* DetailViewController.swift in Sources */,
				CB217CF11CE3B38F00D6D94B /* MasterViewController.swift in Sources */,
				CB217CEF1CE3B38F00D6D94B /* AppDelegate.swift in Sources */,
			);
			runOnlyForDeploymentPostprocessing = 0;
		};
		CB217CFD1CE3B38F00D6D94B /* Sources */ = {
			isa = PBXSourcesBuildPhase;
			buildActionMask = 2147483647;
			files = (
				CB217D061CE3B38F00D6D94B /* GroceryListSwiftTests.swift in Sources */,
			);
			runOnlyForDeploymentPostprocessing = 0;
		};
		CB217D081CE3B38F00D6D94B /* Sources */ = {
			isa = PBXSourcesBuildPhase;
			buildActionMask = 2147483647;
			files = (
				CB217D111CE3B38F00D6D94B /* GroceryListSwiftUITests.swift in Sources */,
			);
			runOnlyForDeploymentPostprocessing = 0;
		};
/* End PBXSourcesBuildPhase section */

/* Begin PBXTargetDependency section */
		CB217D031CE3B38F00D6D94B /* PBXTargetDependency */ = {
			isa = PBXTargetDependency;
			target = CB217CEA1CE3B38F00D6D94B /* GroceryListSwift */;
			targetProxy = CB217D021CE3B38F00D6D94B /* PBXContainerItemProxy */;
		};
		CB217D0E1CE3B38F00D6D94B /* PBXTargetDependency */ = {
			isa = PBXTargetDependency;
			target = CB217CEA1CE3B38F00D6D94B /* GroceryListSwift */;
			targetProxy = CB217D0D1CE3B38F00D6D94B /* PBXContainerItemProxy */;
		};
/* End PBXTargetDependency section */

/* Begin PBXVariantGroup section */
		CB217CF41CE3B38F00D6D94B /* Main.storyboard */ = {
			isa = PBXVariantGroup;
			children = (
				CB217CF51CE3B38F00D6D94B /* Base */,
			);
			name = Main.storyboard;
			sourceTree = "<group>";
		};
		CB217CF91CE3B38F00D6D94B /* LaunchScreen.storyboard */ = {
			isa = PBXVariantGroup;
			children = (
				CB217CFA1CE3B38F00D6D94B /* Base */,
			);
			name = LaunchScreen.storyboard;
			sourceTree = "<group>";
		};
		CB5801BF1CEC7AAB00A71D50 /* Stack.storyboard */ = {
			isa = PBXVariantGroup;
			children = (
				CB5801C01CEC7AAB00A71D50 /* Base */,
			);
			name = Stack.storyboard;
			sourceTree = "<group>";
		};
/* End PBXVariantGroup section */

/* Begin XCBuildConfiguration section */
		CB217D131CE3B38F00D6D94B /* Debug */ = {
			isa = XCBuildConfiguration;
			buildSettings = {
				ALWAYS_SEARCH_USER_PATHS = NO;
				CLANG_ANALYZER_NONNULL = YES;
				CLANG_CXX_LANGUAGE_STANDARD = "gnu++0x";
				CLANG_CXX_LIBRARY = "libc++";
				CLANG_ENABLE_MODULES = YES;
				CLANG_ENABLE_OBJC_ARC = YES;
				CLANG_WARN_BOOL_CONVERSION = YES;
				CLANG_WARN_CONSTANT_CONVERSION = YES;
				CLANG_WARN_DIRECT_OBJC_ISA_USAGE = YES_ERROR;
				CLANG_WARN_EMPTY_BODY = YES;
				CLANG_WARN_ENUM_CONVERSION = YES;
				CLANG_WARN_INT_CONVERSION = YES;
				CLANG_WARN_OBJC_ROOT_CLASS = YES_ERROR;
				CLANG_WARN_UNREACHABLE_CODE = YES;
				CLANG_WARN__DUPLICATE_METHOD_MATCH = YES;
				"CODE_SIGN_IDENTITY[sdk=iphoneos*]" = "iPhone Developer";
				COPY_PHASE_STRIP = NO;
				DEBUG_INFORMATION_FORMAT = dwarf;
				ENABLE_STRICT_OBJC_MSGSEND = YES;
				ENABLE_TESTABILITY = YES;
				GCC_C_LANGUAGE_STANDARD = gnu99;
				GCC_DYNAMIC_NO_PIC = NO;
				GCC_NO_COMMON_BLOCKS = YES;
				GCC_OPTIMIZATION_LEVEL = 0;
				GCC_PREPROCESSOR_DEFINITIONS = (
					"DEBUG=1",
					"$(inherited)",
				);
				GCC_WARN_64_TO_32_BIT_CONVERSION = YES;
				GCC_WARN_ABOUT_RETURN_TYPE = YES_ERROR;
				GCC_WARN_UNDECLARED_SELECTOR = YES;
				GCC_WARN_UNINITIALIZED_AUTOS = YES_AGGRESSIVE;
				GCC_WARN_UNUSED_FUNCTION = YES;
				GCC_WARN_UNUSED_VARIABLE = YES;
				IPHONEOS_DEPLOYMENT_TARGET = 9.3;
				MTL_ENABLE_DEBUG_INFO = YES;
				ONLY_ACTIVE_ARCH = YES;
				SDKROOT = iphoneos;
				SWIFT_OPTIMIZATION_LEVEL = "-Onone";
				TARGETED_DEVICE_FAMILY = "1,2";
			};
			name = Debug;
		};
		CB217D141CE3B38F00D6D94B /* Release */ = {
			isa = XCBuildConfiguration;
			buildSettings = {
				ALWAYS_SEARCH_USER_PATHS = NO;
				CLANG_ANALYZER_NONNULL = YES;
				CLANG_CXX_LANGUAGE_STANDARD = "gnu++0x";
				CLANG_CXX_LIBRARY = "libc++";
				CLANG_ENABLE_MODULES = YES;
				CLANG_ENABLE_OBJC_ARC = YES;
				CLANG_WARN_BOOL_CONVERSION = YES;
				CLANG_WARN_CONSTANT_CONVERSION = YES;
				CLANG_WARN_DIRECT_OBJC_ISA_USAGE = YES_ERROR;
				CLANG_WARN_EMPTY_BODY = YES;
				CLANG_WARN_ENUM_CONVERSION = YES;
				CLANG_WARN_INT_CONVERSION = YES;
				CLANG_WARN_OBJC_ROOT_CLASS = YES_ERROR;
				CLANG_WARN_UNREACHABLE_CODE = YES;
				CLANG_WARN__DUPLICATE_METHOD_MATCH = YES;
				"CODE_SIGN_IDENTITY[sdk=iphoneos*]" = "iPhone Developer";
				COPY_PHASE_STRIP = NO;
				DEBUG_INFORMATION_FORMAT = "dwarf-with-dsym";
				ENABLE_NS_ASSERTIONS = NO;
				ENABLE_STRICT_OBJC_MSGSEND = YES;
				GCC_C_LANGUAGE_STANDARD = gnu99;
				GCC_NO_COMMON_BLOCKS = YES;
				GCC_WARN_64_TO_32_BIT_CONVERSION = YES;
				GCC_WARN_ABOUT_RETURN_TYPE = YES_ERROR;
				GCC_WARN_UNDECLARED_SELECTOR = YES;
				GCC_WARN_UNINITIALIZED_AUTOS = YES_AGGRESSIVE;
				GCC_WARN_UNUSED_FUNCTION = YES;
				GCC_WARN_UNUSED_VARIABLE = YES;
				IPHONEOS_DEPLOYMENT_TARGET = 9.3;
				MTL_ENABLE_DEBUG_INFO = NO;
				SDKROOT = iphoneos;
				TARGETED_DEVICE_FAMILY = "1,2";
				VALIDATE_PRODUCT = YES;
			};
			name = Release;
		};
		CB217D161CE3B38F00D6D94B /* Debug */ = {
			isa = XCBuildConfiguration;
			buildSettings = {
				ASSETCATALOG_COMPILER_APPICON_NAME = AppIcon;
				INFOPLIST_FILE = GroceryListSwift/Info.plist;
				LD_RUNPATH_SEARCH_PATHS = "$(inherited) @executable_path/Frameworks";
				PRODUCT_BUNDLE_IDENTIFIER = com.visa.ramanchuk.GroceryListSwift;
				PRODUCT_NAME = "$(TARGET_NAME)";
			};
			name = Debug;
		};
		CB217D171CE3B38F00D6D94B /* Release */ = {
			isa = XCBuildConfiguration;
			buildSettings = {
				ASSETCATALOG_COMPILER_APPICON_NAME = AppIcon;
				INFOPLIST_FILE = GroceryListSwift/Info.plist;
				LD_RUNPATH_SEARCH_PATHS = "$(inherited) @executable_path/Frameworks";
				PRODUCT_BUNDLE_IDENTIFIER = com.visa.ramanchuk.GroceryListSwift;
				PRODUCT_NAME = "$(TARGET_NAME)";
			};
			name = Release;
		};
		CB217D191CE3B38F00D6D94B /* Debug */ = {
			isa = XCBuildConfiguration;
			buildSettings = {
				BUNDLE_LOADER = "$(TEST_HOST)";
				INFOPLIST_FILE = GroceryListSwiftTests/Info.plist;
				LD_RUNPATH_SEARCH_PATHS = "$(inherited) @executable_path/Frameworks @loader_path/Frameworks";
				PRODUCT_BUNDLE_IDENTIFIER = com.visa.ramanchuk.GroceryListSwiftTests;
				PRODUCT_NAME = "$(TARGET_NAME)";
				TEST_HOST = "$(BUILT_PRODUCTS_DIR)/GroceryListSwift.app/GroceryListSwift";
			};
			name = Debug;
		};
		CB217D1A1CE3B38F00D6D94B /* Release */ = {
			isa = XCBuildConfiguration;
			buildSettings = {
				BUNDLE_LOADER = "$(TEST_HOST)";
				INFOPLIST_FILE = GroceryListSwiftTests/Info.plist;
				LD_RUNPATH_SEARCH_PATHS = "$(inherited) @executable_path/Frameworks @loader_path/Frameworks";
				PRODUCT_BUNDLE_IDENTIFIER = com.visa.ramanchuk.GroceryListSwiftTests;
				PRODUCT_NAME = "$(TARGET_NAME)";
				TEST_HOST = "$(BUILT_PRODUCTS_DIR)/GroceryListSwift.app/GroceryListSwift";
			};
			name = Release;
		};
		CB217D1C1CE3B38F00D6D94B /* Debug */ = {
			isa = XCBuildConfiguration;
			buildSettings = {
				INFOPLIST_FILE = GroceryListSwiftUITests/Info.plist;
				LD_RUNPATH_SEARCH_PATHS = "$(inherited) @executable_path/Frameworks @loader_path/Frameworks";
				PRODUCT_BUNDLE_IDENTIFIER = com.visa.ramanchuk.GroceryListSwiftUITests;
				PRODUCT_NAME = "$(TARGET_NAME)";
				TEST_TARGET_NAME = GroceryListSwift;
			};
			name = Debug;
		};
		CB217D1D1CE3B38F00D6D94B /* Release */ = {
			isa = XCBuildConfiguration;
			buildSettings = {
				INFOPLIST_FILE = GroceryListSwiftUITests/Info.plist;
				LD_RUNPATH_SEARCH_PATHS = "$(inherited) @executable_path/Frameworks @loader_path/Frameworks";
				PRODUCT_BUNDLE_IDENTIFIER = com.visa.ramanchuk.GroceryListSwiftUITests;
				PRODUCT_NAME = "$(TARGET_NAME)";
				TEST_TARGET_NAME = GroceryListSwift;
			};
			name = Release;
		};
/* End XCBuildConfiguration section */

/* Begin XCConfigurationList section */
		CB217CE61CE3B38F00D6D94B /* Build configuration list for PBXProject "GroceryListSwift" */ = {
			isa = XCConfigurationList;
			buildConfigurations = (
				CB217D131CE3B38F00D6D94B /* Debug */,
				CB217D141CE3B38F00D6D94B /* Release */,
			);
			defaultConfigurationIsVisible = 0;
			defaultConfigurationName = Release;
		};
		CB217D151CE3B38F00D6D94B /* Build configuration list for PBXNativeTarget "GroceryListSwift" */ = {
			isa = XCConfigurationList;
			buildConfigurations = (
				CB217D161CE3B38F00D6D94B /* Debug */,
				CB217D171CE3B38F00D6D94B /* Release */,
			);
			defaultConfigurationIsVisible = 0;
			defaultConfigurationName = Release;
		};
		CB217D181CE3B38F00D6D94B /* Build configuration list for PBXNativeTarget "GroceryListSwiftTests" */ = {
			isa = XCConfigurationList;
			buildConfigurations = (
				CB217D191CE3B38F00D6D94B /* Debug */,
				CB217D1A1CE3B38F00D6D94B /* Release */,
			);
			defaultConfigurationIsVisible = 0;
			defaultConfigurationName = Release;
		};
		CB217D1B1CE3B38F00D6D94B /* Build configuration list for PBXNativeTarget "GroceryListSwiftUITests" */ = {
			isa = XCConfigurationList;
			buildConfigurations = (
				CB217D1C1CE3B38F00D6D94B /* Debug */,
				CB217D1D1CE3B38F00D6D94B /* Release */,
			);
			defaultConfigurationIsVisible = 0;
			defaultConfigurationName = Release;
		};
/* End XCConfigurationList section */
	};
	rootObject = CB217CE31CE3B38F00D6D94B /* Project object */;
}
